// !$*UTF8*$!
{
	archiveVersion = 1;
	classes = {
	};
	objectVersion = 46;
	objects = {

/* Begin PBXBuildFile section */
		530647EA1BFC2B8A00EDDAE6 /* RemoveNthNodeFromEndOfList.cpp in Sources */ = {isa = PBXBuildFile; fileRef = 530647E91BFC2B8A00EDDAE6 /* RemoveNthNodeFromEndOfList.cpp */; };
		53230CA71C09003C00C2FBFD /* NextPermutation.cpp in Sources */ = {isa = PBXBuildFile; fileRef = 53230CA61C09003C00C2FBFD /* NextPermutation.cpp */; };
		53230CA91C091BC800C2FBFD /* LongestValidParantheses.cpp in Sources */ = {isa = PBXBuildFile; fileRef = 53230CA81C091BC800C2FBFD /* LongestValidParantheses.cpp */; };
		53230CAB1C0924FB00C2FBFD /* SearchRotatedSortedArray.cpp in Sources */ = {isa = PBXBuildFile; fileRef = 53230CAA1C0924FB00C2FBFD /* SearchRotatedSortedArray.cpp */; };
		5347056B1BD42B8A002838B9 /* MajorityElement.cpp in Sources */ = {isa = PBXBuildFile; fileRef = 5347056A1BD42B8A002838B9 /* MajorityElement.cpp */; };
		5347056D1BD448A8002838B9 /* TwoSum.cpp in Sources */ = {isa = PBXBuildFile; fileRef = 5347056C1BD448A8002838B9 /* TwoSum.cpp */; };
		5347056F1BD44D6F002838B9 /* AddTwoNumbers.cpp in Sources */ = {isa = PBXBuildFile; fileRef = 5347056E1BD44D6F002838B9 /* AddTwoNumbers.cpp */; };
		537347FF1C211BB4008EE20E /* CountAndSay.cpp in Sources */ = {isa = PBXBuildFile; fileRef = 537347FE1C211BB4008EE20E /* CountAndSay.cpp */; };
		537348011C212494008EE20E /* CombinationSum.cpp in Sources */ = {isa = PBXBuildFile; fileRef = 537348001C212494008EE20E /* CombinationSum.cpp */; };
		538CF20E1C5562C900318D97 /* CombinationSumII.cpp in Sources */ = {isa = PBXBuildFile; fileRef = 538CF20D1C5562C900318D97 /* CombinationSumII.cpp */; };
		538CF2101C55748A00318D97 /* FirstMissingPositive.cpp in Sources */ = {isa = PBXBuildFile; fileRef = 538CF20F1C55748A00318D97 /* FirstMissingPositive.cpp */; };
		538CF2121C55BC9B00318D97 /* TrapRainWater.cpp in Sources */ = {isa = PBXBuildFile; fileRef = 538CF2111C55BC9B00318D97 /* TrapRainWater.cpp */; };
		538CF2141C55C04B00318D97 /* MultiplyStrings.cpp in Sources */ = {isa = PBXBuildFile; fileRef = 538CF2131C55C04B00318D97 /* MultiplyStrings.cpp */; };
		53C1EBBD1BF9BAA100091453 /* FourSum.cpp in Sources */ = {isa = PBXBuildFile; fileRef = 53C1EBBC1BF9BAA100091453 /* FourSum.cpp */; };
		53C60CDF1BD74D8B00A94474 /* LongestPalindromeSubstring.cpp in Sources */ = {isa = PBXBuildFile; fileRef = 53C60CDE1BD74D8B00A94474 /* LongestPalindromeSubstring.cpp */; };
		53C60CE11BD7549000A94474 /* ZigzagConversion.cpp in Sources */ = {isa = PBXBuildFile; fileRef = 53C60CE01BD7549000A94474 /* ZigzagConversion.cpp */; };
		53C624821C01A8290080C09E /* RemoveElement.cpp in Sources */ = {isa = PBXBuildFile; fileRef = 53C624811C01A8290080C09E /* RemoveElement.cpp */; };
		53C624841C01A9750080C09E /* ImplStrStr.cpp in Sources */ = {isa = PBXBuildFile; fileRef = 53C624831C01A9750080C09E /* ImplStrStr.cpp */; };
		53EB5D6F1BFEFE3E002E773E /* ReverseNodesInKGroup.cpp in Sources */ = {isa = PBXBuildFile; fileRef = 53EB5D6E1BFEFE3E002E773E /* ReverseNodesInKGroup.cpp */; };
		53EEAE001BD49ADD00DE5534 /* LongestSubstringWithoutDups.cpp in Sources */ = {isa = PBXBuildFile; fileRef = 53EEADFF1BD49ADD00DE5534 /* LongestSubstringWithoutDups.cpp */; };
		53EEAE021BD4A63000DE5534 /* MedianTwoSortedArray.cpp in Sources */ = {isa = PBXBuildFile; fileRef = 53EEAE011BD4A63000DE5534 /* MedianTwoSortedArray.cpp */; };
		53EF9B0C1BFD1564009E693A /* ValidParentheses.cpp in Sources */ = {isa = PBXBuildFile; fileRef = 53EF9B0B1BFD1564009E693A /* ValidParentheses.cpp */; };
		53EF9B0E1BFD1A98009E693A /* MergeTwoSortedList.cpp in Sources */ = {isa = PBXBuildFile; fileRef = 53EF9B0D1BFD1A98009E693A /* MergeTwoSortedList.cpp */; };
		53EF9B121BFD1CE3009E693A /* GenerateParentheses.cpp in Sources */ = {isa = PBXBuildFile; fileRef = 53EF9B111BFD1CE3009E693A /* GenerateParentheses.cpp */; };
		53F0685B1BFE382C0057269A /* MergeKSortedList.cpp in Sources */ = {isa = PBXBuildFile; fileRef = 53F0685A1BFE382C0057269A /* MergeKSortedList.cpp */; };
		53F0685F1BFE3C8B0057269A /* SwapNodeInPairs.cpp in Sources */ = {isa = PBXBuildFile; fileRef = 53F0685E1BFE3C8B0057269A /* SwapNodeInPairs.cpp */; };
		53F1553E1C5D775000734AA4 /* JumpGameII.cpp in Sources */ = {isa = PBXBuildFile; fileRef = 53F1553D1C5D775000734AA4 /* JumpGameII.cpp */; };
		53F1ABD21C09506800DE7C87 /* SearchForARange.cpp in Sources */ = {isa = PBXBuildFile; fileRef = 53F1ABD11C09506800DE7C87 /* SearchForARange.cpp */; };
		53F1ABD41C095D5500DE7C87 /* SearchInsertPos.cpp in Sources */ = {isa = PBXBuildFile; fileRef = 53F1ABD31C095D5500DE7C87 /* SearchInsertPos.cpp */; };
		53F272B01C0228E400E2716D /* DivideTwoInteger.cpp in Sources */ = {isa = PBXBuildFile; fileRef = 53F272AF1C0228E400E2716D /* DivideTwoInteger.cpp */; };
		53F48D351C0A163800170DAE /* ValidSudoku.cpp in Sources */ = {isa = PBXBuildFile; fileRef = 53F48D341C0A163800170DAE /* ValidSudoku.cpp */; };
		53F48D371C0A1A3000170DAE /* SudokuSolver.cpp in Sources */ = {isa = PBXBuildFile; fileRef = 53F48D361C0A1A3000170DAE /* SudokuSolver.cpp */; };
		53FD3CE61BE6C519008B7BAD /* ReverseInteger.cpp in Sources */ = {isa = PBXBuildFile; fileRef = 53FD3CE51BE6C519008B7BAD /* ReverseInteger.cpp */; };
		53FD3CE81BE6CB9A008B7BAD /* MyAtoi.cpp in Sources */ = {isa = PBXBuildFile; fileRef = 53FD3CE71BE6CB9A008B7BAD /* MyAtoi.cpp */; };
		53FD3CEA1BE6CF76008B7BAD /* PalindromeNumber.cpp in Sources */ = {isa = PBXBuildFile; fileRef = 53FD3CE91BE6CF76008B7BAD /* PalindromeNumber.cpp */; };
		53FD3CEC1BE6D778008B7BAD /* ThreeSum.cpp in Sources */ = {isa = PBXBuildFile; fileRef = 53FD3CEB1BE6D778008B7BAD /* ThreeSum.cpp */; };
		8D325BEE1C6EE923000F31F7 /* NQueenII.cpp in Sources */ = {isa = PBXBuildFile; fileRef = 8D325BED1C6EE923000F31F7 /* NQueenII.cpp */; };
		8D33B2DF1C69A4E4001DBED1 /* RotateImage.cpp in Sources */ = {isa = PBXBuildFile; fileRef = 8D33B2DE1C69A4E4001DBED1 /* RotateImage.cpp */; };
		8D33B2E11C69AA10001DBED1 /* GroupAnagrams.cpp in Sources */ = {isa = PBXBuildFile; fileRef = 8D33B2E01C69AA10001DBED1 /* GroupAnagrams.cpp */; };
		8D5809821CDFE3F6007FB2EB /* UniquePaths.cpp in Sources */ = {isa = PBXBuildFile; fileRef = 8D5809811CDFE3F6007FB2EB /* UniquePaths.cpp */; };
		8D94CC1F1CD9B6ED00DE3132 /* MergeInterval.cpp in Sources */ = {isa = PBXBuildFile; fileRef = 8D94CC1E1CD9B6ED00DE3132 /* MergeInterval.cpp */; };
		8DA96C7F1CDE9D9000348A5E /* LengthOfLastWord.cpp in Sources */ = {isa = PBXBuildFile; fileRef = 8DA96C7E1CDE9D9000348A5E /* LengthOfLastWord.cpp */; };
		8DA96C811CDEA04100348A5E /* SpiralMatrxII.cpp in Sources */ = {isa = PBXBuildFile; fileRef = 8DA96C801CDEA04100348A5E /* SpiralMatrxII.cpp */; };
		8DDD57D01C6306E10000A23A /* PermutationII.cpp in Sources */ = {isa = PBXBuildFile; fileRef = 8DDD57CF1C6306E10000A23A /* PermutationII.cpp */; };
		8DE3DC001CE575ED000F41AD /* RemoveDuplicatesfromSortedArrayII.cpp in Sources */ = {isa = PBXBuildFile; fileRef = 8DE3DBFF1CE575ED000F41AD /* RemoveDuplicatesfromSortedArrayII.cpp */; };
		8DE3DC021CE57659000F41AD /* SearchinRotatedSortedArrayII.cpp in Sources */ = {isa = PBXBuildFile; fileRef = 8DE3DC011CE57659000F41AD /* SearchinRotatedSortedArrayII.cpp */; };
		8DF1B53C1CDFDE2E005DF2D4 /* RotateList.cpp in Sources */ = {isa = PBXBuildFile; fileRef = 8DF1B53B1CDFDE2E005DF2D4 /* RotateList.cpp */; };
		8DFD6D1A1CD85CC6009CD773 /* MaximumSubarray.cpp in Sources */ = {isa = PBXBuildFile; fileRef = 8DFD6D191CD85CC6009CD773 /* MaximumSubarray.cpp */; };
		A50527471A381E64008779C0 /* WildcardMatching.cpp in Sources */ = {isa = PBXBuildFile; fileRef = A50527461A381E64008779C0 /* WildcardMatching.cpp */; };
		A507E6D71A35415500B9A56C /* FindLaddersII.cpp in Sources */ = {isa = PBXBuildFile; fileRef = A507E6D61A35415500B9A56C /* FindLaddersII.cpp */; };
		A5A65A141A36AAD700FFE150 /* Atoi.cpp in Sources */ = {isa = PBXBuildFile; fileRef = A5A65A131A36AAD700FFE150 /* Atoi.cpp */; };
		A5C4C1EF1A3517F900896CCD /* FindPeakElement.cpp in Sources */ = {isa = PBXBuildFile; fileRef = A5C4C1EE1A3517F900896CCD /* FindPeakElement.cpp */; };
/* End PBXBuildFile section */

/* Begin PBXCopyFilesBuildPhase section */
		A5C4C1E21A35170400896CCD /* CopyFiles */ = {
			isa = PBXCopyFilesBuildPhase;
			buildActionMask = 2147483647;
			dstPath = /usr/share/man/man1/;
			dstSubfolderSpec = 0;
			files = (
			);
			runOnlyForDeploymentPostprocessing = 1;
		};
/* End PBXCopyFilesBuildPhase section */

/* Begin PBXFileReference section */
		530647E91BFC2B8A00EDDAE6 /* RemoveNthNodeFromEndOfList.cpp */ = {isa = PBXFileReference; fileEncoding = 4; lastKnownFileType = sourcecode.cpp.cpp; path = RemoveNthNodeFromEndOfList.cpp; sourceTree = "<group>"; };
		53230CA61C09003C00C2FBFD /* NextPermutation.cpp */ = {isa = PBXFileReference; fileEncoding = 4; lastKnownFileType = sourcecode.cpp.cpp; path = NextPermutation.cpp; sourceTree = "<group>"; };
		53230CA81C091BC800C2FBFD /* LongestValidParantheses.cpp */ = {isa = PBXFileReference; fileEncoding = 4; lastKnownFileType = sourcecode.cpp.cpp; path = LongestValidParantheses.cpp; sourceTree = "<group>"; };
		53230CAA1C0924FB00C2FBFD /* SearchRotatedSortedArray.cpp */ = {isa = PBXFileReference; fileEncoding = 4; lastKnownFileType = sourcecode.cpp.cpp; path = SearchRotatedSortedArray.cpp; sourceTree = "<group>"; };
		5347056A1BD42B8A002838B9 /* MajorityElement.cpp */ = {isa = PBXFileReference; fileEncoding = 4; lastKnownFileType = sourcecode.cpp.cpp; path = MajorityElement.cpp; sourceTree = "<group>"; };
		5347056C1BD448A8002838B9 /* TwoSum.cpp */ = {isa = PBXFileReference; fileEncoding = 4; lastKnownFileType = sourcecode.cpp.cpp; path = TwoSum.cpp; sourceTree = "<group>"; };
		5347056E1BD44D6F002838B9 /* AddTwoNumbers.cpp */ = {isa = PBXFileReference; fileEncoding = 4; lastKnownFileType = sourcecode.cpp.cpp; path = AddTwoNumbers.cpp; sourceTree = "<group>"; };
		537347FE1C211BB4008EE20E /* CountAndSay.cpp */ = {isa = PBXFileReference; fileEncoding = 4; lastKnownFileType = sourcecode.cpp.cpp; path = CountAndSay.cpp; sourceTree = "<group>"; };
		537348001C212494008EE20E /* CombinationSum.cpp */ = {isa = PBXFileReference; fileEncoding = 4; lastKnownFileType = sourcecode.cpp.cpp; path = CombinationSum.cpp; sourceTree = "<group>"; };
		538CF20D1C5562C900318D97 /* CombinationSumII.cpp */ = {isa = PBXFileReference; fileEncoding = 4; lastKnownFileType = sourcecode.cpp.cpp; path = CombinationSumII.cpp; sourceTree = "<group>"; };
		538CF20F1C55748A00318D97 /* FirstMissingPositive.cpp */ = {isa = PBXFileReference; fileEncoding = 4; lastKnownFileType = sourcecode.cpp.cpp; path = FirstMissingPositive.cpp; sourceTree = "<group>"; };
		538CF2111C55BC9B00318D97 /* TrapRainWater.cpp */ = {isa = PBXFileReference; fileEncoding = 4; lastKnownFileType = sourcecode.cpp.cpp; path = TrapRainWater.cpp; sourceTree = "<group>"; };
		538CF2131C55C04B00318D97 /* MultiplyStrings.cpp */ = {isa = PBXFileReference; fileEncoding = 4; lastKnownFileType = sourcecode.cpp.cpp; path = MultiplyStrings.cpp; sourceTree = "<group>"; };
		53C1EBBC1BF9BAA100091453 /* FourSum.cpp */ = {isa = PBXFileReference; fileEncoding = 4; lastKnownFileType = sourcecode.cpp.cpp; path = FourSum.cpp; sourceTree = "<group>"; };
		53C60CDE1BD74D8B00A94474 /* LongestPalindromeSubstring.cpp */ = {isa = PBXFileReference; fileEncoding = 4; lastKnownFileType = sourcecode.cpp.cpp; path = LongestPalindromeSubstring.cpp; sourceTree = "<group>"; };
		53C60CE01BD7549000A94474 /* ZigzagConversion.cpp */ = {isa = PBXFileReference; fileEncoding = 4; lastKnownFileType = sourcecode.cpp.cpp; path = ZigzagConversion.cpp; sourceTree = "<group>"; };
		53C624811C01A8290080C09E /* RemoveElement.cpp */ = {isa = PBXFileReference; fileEncoding = 4; lastKnownFileType = sourcecode.cpp.cpp; path = RemoveElement.cpp; sourceTree = "<group>"; };
		53C624831C01A9750080C09E /* ImplStrStr.cpp */ = {isa = PBXFileReference; fileEncoding = 4; lastKnownFileType = sourcecode.cpp.cpp; path = ImplStrStr.cpp; sourceTree = "<group>"; };
		53EB5D6E1BFEFE3E002E773E /* ReverseNodesInKGroup.cpp */ = {isa = PBXFileReference; fileEncoding = 4; lastKnownFileType = sourcecode.cpp.cpp; path = ReverseNodesInKGroup.cpp; sourceTree = "<group>"; };
		53EEADFF1BD49ADD00DE5534 /* LongestSubstringWithoutDups.cpp */ = {isa = PBXFileReference; fileEncoding = 4; lastKnownFileType = sourcecode.cpp.cpp; path = LongestSubstringWithoutDups.cpp; sourceTree = "<group>"; };
		53EEAE011BD4A63000DE5534 /* MedianTwoSortedArray.cpp */ = {isa = PBXFileReference; fileEncoding = 4; lastKnownFileType = sourcecode.cpp.cpp; path = MedianTwoSortedArray.cpp; sourceTree = "<group>"; };
		53EF9B0B1BFD1564009E693A /* ValidParentheses.cpp */ = {isa = PBXFileReference; fileEncoding = 4; lastKnownFileType = sourcecode.cpp.cpp; path = ValidParentheses.cpp; sourceTree = "<group>"; };
		53EF9B0D1BFD1A98009E693A /* MergeTwoSortedList.cpp */ = {isa = PBXFileReference; fileEncoding = 4; lastKnownFileType = sourcecode.cpp.cpp; path = MergeTwoSortedList.cpp; sourceTree = "<group>"; };
		53EF9B111BFD1CE3009E693A /* GenerateParentheses.cpp */ = {isa = PBXFileReference; fileEncoding = 4; lastKnownFileType = sourcecode.cpp.cpp; path = GenerateParentheses.cpp; sourceTree = "<group>"; };
		53F0685A1BFE382C0057269A /* MergeKSortedList.cpp */ = {isa = PBXFileReference; fileEncoding = 4; lastKnownFileType = sourcecode.cpp.cpp; path = MergeKSortedList.cpp; sourceTree = "<group>"; };
		53F0685E1BFE3C8B0057269A /* SwapNodeInPairs.cpp */ = {isa = PBXFileReference; fileEncoding = 4; lastKnownFileType = sourcecode.cpp.cpp; path = SwapNodeInPairs.cpp; sourceTree = "<group>"; };
		53F1553D1C5D775000734AA4 /* JumpGameII.cpp */ = {isa = PBXFileReference; fileEncoding = 4; lastKnownFileType = sourcecode.cpp.cpp; path = JumpGameII.cpp; sourceTree = "<group>"; };
		53F1ABD11C09506800DE7C87 /* SearchForARange.cpp */ = {isa = PBXFileReference; fileEncoding = 4; lastKnownFileType = sourcecode.cpp.cpp; path = SearchForARange.cpp; sourceTree = "<group>"; };
		53F1ABD31C095D5500DE7C87 /* SearchInsertPos.cpp */ = {isa = PBXFileReference; fileEncoding = 4; lastKnownFileType = sourcecode.cpp.cpp; path = SearchInsertPos.cpp; sourceTree = "<group>"; };
		53F272AF1C0228E400E2716D /* DivideTwoInteger.cpp */ = {isa = PBXFileReference; fileEncoding = 4; lastKnownFileType = sourcecode.cpp.cpp; path = DivideTwoInteger.cpp; sourceTree = "<group>"; };
		53F48D341C0A163800170DAE /* ValidSudoku.cpp */ = {isa = PBXFileReference; fileEncoding = 4; lastKnownFileType = sourcecode.cpp.cpp; path = ValidSudoku.cpp; sourceTree = "<group>"; };
		53F48D361C0A1A3000170DAE /* SudokuSolver.cpp */ = {isa = PBXFileReference; fileEncoding = 4; lastKnownFileType = sourcecode.cpp.cpp; path = SudokuSolver.cpp; sourceTree = "<group>"; };
		53FD3CE51BE6C519008B7BAD /* ReverseInteger.cpp */ = {isa = PBXFileReference; fileEncoding = 4; lastKnownFileType = sourcecode.cpp.cpp; path = ReverseInteger.cpp; sourceTree = "<group>"; };
		53FD3CE71BE6CB9A008B7BAD /* MyAtoi.cpp */ = {isa = PBXFileReference; fileEncoding = 4; lastKnownFileType = sourcecode.cpp.cpp; path = MyAtoi.cpp; sourceTree = "<group>"; };
		53FD3CE91BE6CF76008B7BAD /* PalindromeNumber.cpp */ = {isa = PBXFileReference; fileEncoding = 4; lastKnownFileType = sourcecode.cpp.cpp; path = PalindromeNumber.cpp; sourceTree = "<group>"; };
		53FD3CEB1BE6D778008B7BAD /* ThreeSum.cpp */ = {isa = PBXFileReference; fileEncoding = 4; lastKnownFileType = sourcecode.cpp.cpp; path = ThreeSum.cpp; sourceTree = "<group>"; };
		8D325BED1C6EE923000F31F7 /* NQueenII.cpp */ = {isa = PBXFileReference; fileEncoding = 4; lastKnownFileType = sourcecode.cpp.cpp; path = NQueenII.cpp; sourceTree = "<group>"; };
		8D33B2DE1C69A4E4001DBED1 /* RotateImage.cpp */ = {isa = PBXFileReference; fileEncoding = 4; lastKnownFileType = sourcecode.cpp.cpp; path = RotateImage.cpp; sourceTree = "<group>"; };
		8D33B2E01C69AA10001DBED1 /* GroupAnagrams.cpp */ = {isa = PBXFileReference; fileEncoding = 4; lastKnownFileType = sourcecode.cpp.cpp; path = GroupAnagrams.cpp; sourceTree = "<group>"; };
		8D5809811CDFE3F6007FB2EB /* UniquePaths.cpp */ = {isa = PBXFileReference; fileEncoding = 4; lastKnownFileType = sourcecode.cpp.cpp; path = UniquePaths.cpp; sourceTree = "<group>"; };
		8D94CC1E1CD9B6ED00DE3132 /* MergeInterval.cpp */ = {isa = PBXFileReference; fileEncoding = 4; lastKnownFileType = sourcecode.cpp.cpp; path = MergeInterval.cpp; sourceTree = "<group>"; };
		8DA96C7E1CDE9D9000348A5E /* LengthOfLastWord.cpp */ = {isa = PBXFileReference; fileEncoding = 4; lastKnownFileType = sourcecode.cpp.cpp; path = LengthOfLastWord.cpp; sourceTree = "<group>"; };
		8DA96C801CDEA04100348A5E /* SpiralMatrxII.cpp */ = {isa = PBXFileReference; fileEncoding = 4; lastKnownFileType = sourcecode.cpp.cpp; path = SpiralMatrxII.cpp; sourceTree = "<group>"; };
		8DDD57CF1C6306E10000A23A /* PermutationII.cpp */ = {isa = PBXFileReference; fileEncoding = 4; lastKnownFileType = sourcecode.cpp.cpp; path = PermutationII.cpp; sourceTree = "<group>"; };
		8DE3DBFF1CE575ED000F41AD /* RemoveDuplicatesfromSortedArrayII.cpp */ = {isa = PBXFileReference; fileEncoding = 4; lastKnownFileType = sourcecode.cpp.cpp; path = RemoveDuplicatesfromSortedArrayII.cpp; sourceTree = "<group>"; };
		8DE3DC011CE57659000F41AD /* SearchinRotatedSortedArrayII.cpp */ = {isa = PBXFileReference; fileEncoding = 4; lastKnownFileType = sourcecode.cpp.cpp; path = SearchinRotatedSortedArrayII.cpp; sourceTree = "<group>"; };
		8DF1B53B1CDFDE2E005DF2D4 /* RotateList.cpp */ = {isa = PBXFileReference; fileEncoding = 4; lastKnownFileType = sourcecode.cpp.cpp; path = RotateList.cpp; sourceTree = "<group>"; };
		8DFD6D191CD85CC6009CD773 /* MaximumSubarray.cpp */ = {isa = PBXFileReference; fileEncoding = 4; lastKnownFileType = sourcecode.cpp.cpp; path = MaximumSubarray.cpp; sourceTree = "<group>"; };
		A50527461A381E64008779C0 /* WildcardMatching.cpp */ = {isa = PBXFileReference; fileEncoding = 4; lastKnownFileType = sourcecode.cpp.cpp; path = WildcardMatching.cpp; sourceTree = "<group>"; };
		A507E6D61A35415500B9A56C /* FindLaddersII.cpp */ = {isa = PBXFileReference; fileEncoding = 4; lastKnownFileType = sourcecode.cpp.cpp; path = FindLaddersII.cpp; sourceTree = "<group>"; };
		A5A65A131A36AAD700FFE150 /* Atoi.cpp */ = {isa = PBXFileReference; fileEncoding = 4; lastKnownFileType = sourcecode.cpp.cpp; path = Atoi.cpp; sourceTree = "<group>"; };
		A5C4C1E41A35170400896CCD /* Interview Play CPP */ = {isa = PBXFileReference; explicitFileType = "compiled.mach-o.executable"; includeInIndex = 0; path = "Interview Play CPP"; sourceTree = BUILT_PRODUCTS_DIR; };
		A5C4C1EE1A3517F900896CCD /* FindPeakElement.cpp */ = {isa = PBXFileReference; fileEncoding = 4; lastKnownFileType = sourcecode.cpp.cpp; path = FindPeakElement.cpp; sourceTree = "<group>"; };
/* End PBXFileReference section */

/* Begin PBXFrameworksBuildPhase section */
		A5C4C1E11A35170400896CCD /* Frameworks */ = {
			isa = PBXFrameworksBuildPhase;
			buildActionMask = 2147483647;
			files = (
			);
			runOnlyForDeploymentPostprocessing = 0;
		};
/* End PBXFrameworksBuildPhase section */

/* Begin PBXGroup section */
		53EF9B101BFD1CC6009E693A /* vector */ = {
			isa = PBXGroup;
			children = (
				5347056C1BD448A8002838B9 /* TwoSum.cpp */,
				A5C4C1EE1A3517F900896CCD /* FindPeakElement.cpp */,
				53EF9B0B1BFD1564009E693A /* ValidParentheses.cpp */,
				53EF9B111BFD1CE3009E693A /* GenerateParentheses.cpp */,
				53C624811C01A8290080C09E /* RemoveElement.cpp */,
				53230CAA1C0924FB00C2FBFD /* SearchRotatedSortedArray.cpp */,
				53F1ABD11C09506800DE7C87 /* SearchForARange.cpp */,
				53F1ABD31C095D5500DE7C87 /* SearchInsertPos.cpp */,
				537348001C212494008EE20E /* CombinationSum.cpp */,
				538CF20D1C5562C900318D97 /* CombinationSumII.cpp */,
				538CF20F1C55748A00318D97 /* FirstMissingPositive.cpp */,
				538CF2111C55BC9B00318D97 /* TrapRainWater.cpp */,
				53F1553D1C5D775000734AA4 /* JumpGameII.cpp */,
				8DDD57CF1C6306E10000A23A /* PermutationII.cpp */,
				8DFD6D191CD85CC6009CD773 /* MaximumSubarray.cpp */,
				8D94CC1E1CD9B6ED00DE3132 /* MergeInterval.cpp */,
				8DE3DBFF1CE575ED000F41AD /* RemoveDuplicatesfromSortedArrayII.cpp */,
				8DE3DC011CE57659000F41AD /* SearchinRotatedSortedArrayII.cpp */,
			);
			name = vector;
			sourceTree = "<group>";
		};
		53F0685C1BFE3BD30057269A /* List */ = {
			isa = PBXGroup;
			children = (
				530647E91BFC2B8A00EDDAE6 /* RemoveNthNodeFromEndOfList.cpp */,
				53EF9B0D1BFD1A98009E693A /* MergeTwoSortedList.cpp */,
				53F0685A1BFE382C0057269A /* MergeKSortedList.cpp */,
				53F0685E1BFE3C8B0057269A /* SwapNodeInPairs.cpp */,
				53EB5D6E1BFEFE3E002E773E /* ReverseNodesInKGroup.cpp */,
				8DF1B53B1CDFDE2E005DF2D4 /* RotateList.cpp */,
			);
			name = List;
			sourceTree = "<group>";
		};
		53F0685D1BFE3C400057269A /* String */ = {
			isa = PBXGroup;
			children = (
				A50527461A381E64008779C0 /* WildcardMatching.cpp */,
				A5A65A131A36AAD700FFE150 /* Atoi.cpp */,
				53C624831C01A9750080C09E /* ImplStrStr.cpp */,
				53230CA81C091BC800C2FBFD /* LongestValidParantheses.cpp */,
				538CF2131C55C04B00318D97 /* MultiplyStrings.cpp */,
				8D33B2E01C69AA10001DBED1 /* GroupAnagrams.cpp */,
				8DA96C7E1CDE9D9000348A5E /* LengthOfLastWord.cpp */,
			);
			name = String;
			sourceTree = "<group>";
		};
		53F272AE1C0228C800E2716D /* Integer */ = {
			isa = PBXGroup;
			children = (
				53F272AF1C0228E400E2716D /* DivideTwoInteger.cpp */,
				53230CA61C09003C00C2FBFD /* NextPermutation.cpp */,
				537347FE1C211BB4008EE20E /* CountAndSay.cpp */,
				8D5809811CDFE3F6007FB2EB /* UniquePaths.cpp */,
			);
			name = Integer;
			sourceTree = "<group>";
		};
		53F48D331C0A161900170DAE /* Matrix */ = {
			isa = PBXGroup;
			children = (
				53F48D341C0A163800170DAE /* ValidSudoku.cpp */,
				53F48D361C0A1A3000170DAE /* SudokuSolver.cpp */,
				8D33B2DE1C69A4E4001DBED1 /* RotateImage.cpp */,
				8D325BED1C6EE923000F31F7 /* NQueenII.cpp */,
				8DA96C801CDEA04100348A5E /* SpiralMatrxII.cpp */,
			);
			name = Matrix;
			sourceTree = "<group>";
		};
		A5C4C1DB1A35170400896CCD = {
			isa = PBXGroup;
			children = (
				A5C4C1E61A35170400896CCD /* Interview Play CPP */,
				A5C4C1E51A35170400896CCD /* Products */,
			);
			sourceTree = "<group>";
		};
		A5C4C1E51A35170400896CCD /* Products */ = {
			isa = PBXGroup;
			children = (
				A5C4C1E41A35170400896CCD /* Interview Play CPP */,
			);
			name = Products;
			sourceTree = "<group>";
		};
		A5C4C1E61A35170400896CCD /* Interview Play CPP */ = {
			isa = PBXGroup;
			children = (
				53F48D331C0A161900170DAE /* Matrix */,
				53F272AE1C0228C800E2716D /* Integer */,
				53F0685D1BFE3C400057269A /* String */,
				53F0685C1BFE3BD30057269A /* List */,
				53EF9B101BFD1CC6009E693A /* vector */,
				A507E6D61A35415500B9A56C /* FindLaddersII.cpp */,
				5347056A1BD42B8A002838B9 /* MajorityElement.cpp */,
				5347056E1BD44D6F002838B9 /* AddTwoNumbers.cpp */,
				53EEADFF1BD49ADD00DE5534 /* LongestSubstringWithoutDups.cpp */,
				53EEAE011BD4A63000DE5534 /* MedianTwoSortedArray.cpp */,
				53C60CDE1BD74D8B00A94474 /* LongestPalindromeSubstring.cpp */,
				53C60CE01BD7549000A94474 /* ZigzagConversion.cpp */,
				53FD3CE51BE6C519008B7BAD /* ReverseInteger.cpp */,
				53FD3CE71BE6CB9A008B7BAD /* MyAtoi.cpp */,
				53FD3CE91BE6CF76008B7BAD /* PalindromeNumber.cpp */,
				53FD3CEB1BE6D778008B7BAD /* ThreeSum.cpp */,
				53C1EBBC1BF9BAA100091453 /* FourSum.cpp */,
			);
			path = "Interview Play CPP";
			sourceTree = "<group>";
		};
/* End PBXGroup section */

/* Begin PBXNativeTarget section */
		A5C4C1E31A35170400896CCD /* Interview Play CPP */ = {
			isa = PBXNativeTarget;
			buildConfigurationList = A5C4C1EB1A35170400896CCD /* Build configuration list for PBXNativeTarget "Interview Play CPP" */;
			buildPhases = (
				A5C4C1E01A35170400896CCD /* Sources */,
				A5C4C1E11A35170400896CCD /* Frameworks */,
				A5C4C1E21A35170400896CCD /* CopyFiles */,
			);
			buildRules = (
			);
			dependencies = (
			);
			name = "Interview Play CPP";
			productName = "Interview Play CPP";
			productReference = A5C4C1E41A35170400896CCD /* Interview Play CPP */;
			productType = "com.apple.product-type.tool";
		};
/* End PBXNativeTarget section */

/* Begin PBXProject section */
		A5C4C1DC1A35170400896CCD /* Project object */ = {
			isa = PBXProject;
			attributes = {
				LastUpgradeCheck = 0700;
				ORGANIZATIONNAME = "Jingtao Ren";
				TargetAttributes = {
					A5C4C1E31A35170400896CCD = {
						CreatedOnToolsVersion = 6.1.1;
					};
				};
			};
			buildConfigurationList = A5C4C1DF1A35170400896CCD /* Build configuration list for PBXProject "Interview Play CPP" */;
			compatibilityVersion = "Xcode 3.2";
			developmentRegion = English;
			hasScannedForEncodings = 0;
			knownRegions = (
				en,
			);
			mainGroup = A5C4C1DB1A35170400896CCD;
			productRefGroup = A5C4C1E51A35170400896CCD /* Products */;
			projectDirPath = "";
			projectRoot = "";
			targets = (
				A5C4C1E31A35170400896CCD /* Interview Play CPP */,
			);
		};
/* End PBXProject section */

/* Begin PBXSourcesBuildPhase section */
		A5C4C1E01A35170400896CCD /* Sources */ = {
			isa = PBXSourcesBuildPhase;
			buildActionMask = 2147483647;
			files = (
				537348011C212494008EE20E /* CombinationSum.cpp in Sources */,
				53F1ABD41C095D5500DE7C87 /* SearchInsertPos.cpp in Sources */,
				53C60CE11BD7549000A94474 /* ZigzagConversion.cpp in Sources */,
				53FD3CEC1BE6D778008B7BAD /* ThreeSum.cpp in Sources */,
				53C624821C01A8290080C09E /* RemoveElement.cpp in Sources */,
				53FD3CEA1BE6CF76008B7BAD /* PalindromeNumber.cpp in Sources */,
				8DE3DC021CE57659000F41AD /* SearchinRotatedSortedArrayII.cpp in Sources */,
				53230CAB1C0924FB00C2FBFD /* SearchRotatedSortedArray.cpp in Sources */,
				53F1ABD21C09506800DE7C87 /* SearchForARange.cpp in Sources */,
				53F0685B1BFE382C0057269A /* MergeKSortedList.cpp in Sources */,
				53EF9B0C1BFD1564009E693A /* ValidParentheses.cpp in Sources */,
				53EB5D6F1BFEFE3E002E773E /* ReverseNodesInKGroup.cpp in Sources */,
				538CF2101C55748A00318D97 /* FirstMissingPositive.cpp in Sources */,
				8D33B2E11C69AA10001DBED1 /* GroupAnagrams.cpp in Sources */,
				53EEAE021BD4A63000DE5534 /* MedianTwoSortedArray.cpp in Sources */,
				53F48D351C0A163800170DAE /* ValidSudoku.cpp in Sources */,
				8D33B2DF1C69A4E4001DBED1 /* RotateImage.cpp in Sources */,
				530647EA1BFC2B8A00EDDAE6 /* RemoveNthNodeFromEndOfList.cpp in Sources */,
				A507E6D71A35415500B9A56C /* FindLaddersII.cpp in Sources */,
				8DA96C7F1CDE9D9000348A5E /* LengthOfLastWord.cpp in Sources */,
				53FD3CE81BE6CB9A008B7BAD /* MyAtoi.cpp in Sources */,
				53230CA71C09003C00C2FBFD /* NextPermutation.cpp in Sources */,
				5347056B1BD42B8A002838B9 /* MajorityElement.cpp in Sources */,
				A5C4C1EF1A3517F900896CCD /* FindPeakElement.cpp in Sources */,
				53C624841C01A9750080C09E /* ImplStrStr.cpp in Sources */,
				53EF9B0E1BFD1A98009E693A /* MergeTwoSortedList.cpp in Sources */,
				8DDD57D01C6306E10000A23A /* PermutationII.cpp in Sources */,
				5347056F1BD44D6F002838B9 /* AddTwoNumbers.cpp in Sources */,
				A5A65A141A36AAD700FFE150 /* Atoi.cpp in Sources */,
				8D325BEE1C6EE923000F31F7 /* NQueenII.cpp in Sources */,
				53EF9B121BFD1CE3009E693A /* GenerateParentheses.cpp in Sources */,
				53F272B01C0228E400E2716D /* DivideTwoInteger.cpp in Sources */,
				53EEAE001BD49ADD00DE5534 /* LongestSubstringWithoutDups.cpp in Sources */,
				8DE3DC001CE575ED000F41AD /* RemoveDuplicatesfromSortedArrayII.cpp in Sources */,
				5347056D1BD448A8002838B9 /* TwoSum.cpp in Sources */,
				8D5809821CDFE3F6007FB2EB /* UniquePaths.cpp in Sources */,
				53230CA91C091BC800C2FBFD /* LongestValidParantheses.cpp in Sources */,
				8D94CC1F1CD9B6ED00DE3132 /* MergeInterval.cpp in Sources */,
				53F0685F1BFE3C8B0057269A /* SwapNodeInPairs.cpp in Sources */,
				538CF2141C55C04B00318D97 /* MultiplyStrings.cpp in Sources */,
				538CF2121C55BC9B00318D97 /* TrapRainWater.cpp in Sources */,
				53FD3CE61BE6C519008B7BAD /* ReverseInteger.cpp in Sources */,
				53C1EBBD1BF9BAA100091453 /* FourSum.cpp in Sources */,
				8DFD6D1A1CD85CC6009CD773 /* MaximumSubarray.cpp in Sources */,
				538CF20E1C5562C900318D97 /* CombinationSumII.cpp in Sources */,
				53F48D371C0A1A3000170DAE /* SudokuSolver.cpp in Sources */,
				8DA96C811CDEA04100348A5E /* SpiralMatrxII.cpp in Sources */,
				8DF1B53C1CDFDE2E005DF2D4 /* RotateList.cpp in Sources */,
				537347FF1C211BB4008EE20E /* CountAndSay.cpp in Sources */,
				A50527471A381E64008779C0 /* WildcardMatching.cpp in Sources */,
				53C60CDF1BD74D8B00A94474 /* LongestPalindromeSubstring.cpp in Sources */,
				53F1553E1C5D775000734AA4 /* JumpGameII.cpp in Sources */,
			);
			runOnlyForDeploymentPostprocessing = 0;
		};
/* End PBXSourcesBuildPhase section */

/* Begin XCBuildConfiguration section */
		A5C4C1E91A35170400896CCD /* Debug */ = {
			isa = XCBuildConfiguration;
			buildSettings = {
				ALWAYS_SEARCH_USER_PATHS = NO;
				CLANG_CXX_LANGUAGE_STANDARD = "gnu++0x";
				CLANG_CXX_LIBRARY = "libc++";
				CLANG_ENABLE_MODULES = YES;
				CLANG_ENABLE_OBJC_ARC = YES;
				CLANG_WARN_BOOL_CONVERSION = YES;
				CLANG_WARN_CONSTANT_CONVERSION = YES;
				CLANG_WARN_DIRECT_OBJC_ISA_USAGE = YES_ERROR;
				CLANG_WARN_EMPTY_BODY = YES;
				CLANG_WARN_ENUM_CONVERSION = YES;
				CLANG_WARN_INT_CONVERSION = YES;
				CLANG_WARN_OBJC_ROOT_CLASS = YES_ERROR;
				CLANG_WARN_UNREACHABLE_CODE = YES;
				CLANG_WARN__DUPLICATE_METHOD_MATCH = YES;
				COPY_PHASE_STRIP = NO;
				ENABLE_STRICT_OBJC_MSGSEND = YES;
				ENABLE_TESTABILITY = YES;
				GCC_C_LANGUAGE_STANDARD = gnu99;
				GCC_DYNAMIC_NO_PIC = NO;
				GCC_OPTIMIZATION_LEVEL = 0;
				GCC_PREPROCESSOR_DEFINITIONS = (
					"DEBUG=1",
					"$(inherited)",
				);
				GCC_SYMBOLS_PRIVATE_EXTERN = NO;
				GCC_WARN_64_TO_32_BIT_CONVERSION = YES;
				GCC_WARN_ABOUT_RETURN_TYPE = YES_ERROR;
				GCC_WARN_UNDECLARED_SELECTOR = YES;
				GCC_WARN_UNINITIALIZED_AUTOS = YES_AGGRESSIVE;
				GCC_WARN_UNUSED_FUNCTION = YES;
				GCC_WARN_UNUSED_VARIABLE = YES;
				MACOSX_DEPLOYMENT_TARGET = 10.10;
				MTL_ENABLE_DEBUG_INFO = YES;
				ONLY_ACTIVE_ARCH = YES;
				SDKROOT = macosx;
			};
			name = Debug;
		};
		A5C4C1EA1A35170400896CCD /* Release */ = {
			isa = XCBuildConfiguration;
			buildSettings = {
				ALWAYS_SEARCH_USER_PATHS = NO;
				CLANG_CXX_LANGUAGE_STANDARD = "gnu++0x";
				CLANG_CXX_LIBRARY = "libc++";
				CLANG_ENABLE_MODULES = YES;
				CLANG_ENABLE_OBJC_ARC = YES;
				CLANG_WARN_BOOL_CONVERSION = YES;
				CLANG_WARN_CONSTANT_CONVERSION = YES;
				CLANG_WARN_DIRECT_OBJC_ISA_USAGE = YES_ERROR;
				CLANG_WARN_EMPTY_BODY = YES;
				CLANG_WARN_ENUM_CONVERSION = YES;
				CLANG_WARN_INT_CONVERSION = YES;
				CLANG_WARN_OBJC_ROOT_CLASS = YES_ERROR;
				CLANG_WARN_UNREACHABLE_CODE = YES;
				CLANG_WARN__DUPLICATE_METHOD_MATCH = YES;
				COPY_PHASE_STRIP = YES;
				DEBUG_INFORMATION_FORMAT = "dwarf-with-dsym";
				ENABLE_NS_ASSERTIONS = NO;
				ENABLE_STRICT_OBJC_MSGSEND = YES;
				GCC_C_LANGUAGE_STANDARD = gnu99;
				GCC_WARN_64_TO_32_BIT_CONVERSION = YES;
				GCC_WARN_ABOUT_RETURN_TYPE = YES_ERROR;
				GCC_WARN_UNDECLARED_SELECTOR = YES;
				GCC_WARN_UNINITIALIZED_AUTOS = YES_AGGRESSIVE;
				GCC_WARN_UNUSED_FUNCTION = YES;
				GCC_WARN_UNUSED_VARIABLE = YES;
				MACOSX_DEPLOYMENT_TARGET = 10.10;
				MTL_ENABLE_DEBUG_INFO = NO;
				SDKROOT = macosx;
			};
			name = Release;
		};
		A5C4C1EC1A35170400896CCD /* Debug */ = {
			isa = XCBuildConfiguration;
			buildSettings = {
				PRODUCT_NAME = "$(TARGET_NAME)";
			};
			name = Debug;
		};
		A5C4C1ED1A35170400896CCD /* Release */ = {
			isa = XCBuildConfiguration;
			buildSettings = {
				PRODUCT_NAME = "$(TARGET_NAME)";
			};
			name = Release;
		};
/* End XCBuildConfiguration section */

/* Begin XCConfigurationList section */
		A5C4C1DF1A35170400896CCD /* Build configuration list for PBXProject "Interview Play CPP" */ = {
			isa = XCConfigurationList;
			buildConfigurations = (
				A5C4C1E91A35170400896CCD /* Debug */,
				A5C4C1EA1A35170400896CCD /* Release */,
			);
			defaultConfigurationIsVisible = 0;
			defaultConfigurationName = Release;
		};
		A5C4C1EB1A35170400896CCD /* Build configuration list for PBXNativeTarget "Interview Play CPP" */ = {
			isa = XCConfigurationList;
			buildConfigurations = (
				A5C4C1EC1A35170400896CCD /* Debug */,
				A5C4C1ED1A35170400896CCD /* Release */,
			);
			defaultConfigurationIsVisible = 0;
			defaultConfigurationName = Release;
		};
/* End XCConfigurationList section */
	};
	rootObject = A5C4C1DC1A35170400896CCD /* Project object */;
}
